// !$*UTF8*$!
{
	archiveVersion = 1;
	classes = {
	};
	objectVersion = 48;
	objects = {

/* Begin PBXBuildFile section */
		001D8FC01FEA71F8005FA3ED /* AppDelegate.swift in Sources */ = {isa = PBXBuildFile; fileRef = 001D8FBF1FEA71F8005FA3ED /* AppDelegate.swift */; };
		001D8FC21FEA71F8005FA3ED /* ViewController.swift in Sources */ = {isa = PBXBuildFile; fileRef = 001D8FC11FEA71F8005FA3ED /* ViewController.swift */; };
		001D8FC51FEA71F8005FA3ED /* Main.storyboard in Resources */ = {isa = PBXBuildFile; fileRef = 001D8FC31FEA71F8005FA3ED /* Main.storyboard */; };
		001D8FC71FEA71F8005FA3ED /* Assets.xcassets in Resources */ = {isa = PBXBuildFile; fileRef = 001D8FC61FEA71F8005FA3ED /* Assets.xcassets */; };
		001D8FCA1FEA71F8005FA3ED /* LaunchScreen.storyboard in Resources */ = {isa = PBXBuildFile; fileRef = 001D8FC81FEA71F8005FA3ED /* LaunchScreen.storyboard */; };
		001D8FD21FEA7339005FA3ED /* Rainbow.swift in Sources */ = {isa = PBXBuildFile; fileRef = 001D8FD11FEA7339005FA3ED /* Rainbow.swift */; };
/* End PBXBuildFile section */

/* Begin PBXFileReference section */
		001D8FBC1FEA71F8005FA3ED /* IBDesignableAndIBInspectable.app */ = {isa = PBXFileReference; explicitFileType = wrapper.application; includeInIndex = 0; path = IBDesignableAndIBInspectable.app; sourceTree = BUILT_PRODUCTS_DIR; };
		001D8FBF1FEA71F8005FA3ED /* AppDelegate.swift */ = {isa = PBXFileReference; lastKnownFileType = sourcecode.swift; path = AppDelegate.swift; sourceTree = "<group>"; };
		001D8FC11FEA71F8005FA3ED /* ViewController.swift */ = {isa = PBXFileReference; lastKnownFileType = sourcecode.swift; path = ViewController.swift; sourceTree = "<group>"; };
		001D8FC41FEA71F8005FA3ED /* Base */ = {isa = PBXFileReference; lastKnownFileType = file.storyboard; name = Base; path = Base.lproj/Main.storyboard; sourceTree = "<group>"; };
		001D8FC61FEA71F8005FA3ED /* Assets.xcassets */ = {isa = PBXFileReference; lastKnownFileType = folder.assetcatalog; path = Assets.xcassets; sourceTree = "<group>"; };
		001D8FC91FEA71F8005FA3ED /* Base */ = {isa = PBXFileReference; lastKnownFileType = file.storyboard; name = Base; path = Base.lproj/LaunchScreen.storyboard; sourceTree = "<group>"; };
		001D8FCB1FEA71F8005FA3ED /* Info.plist */ = {isa = PBXFileReference; lastKnownFileType = text.plist.xml; path = Info.plist; sourceTree = "<group>"; };
		001D8FD11FEA7339005FA3ED /* Rainbow.swift */ = {isa = PBXFileReference; lastKnownFileType = sourcecode.swift; path = Rainbow.swift; sourceTree = "<group>"; };
/* End PBXFileReference section */

/* Begin PBXFrameworksBuildPhase section */
		001D8FB91FEA71F8005FA3ED /* Frameworks */ = {
			isa = PBXFrameworksBuildPhase;
			buildActionMask = 2147483647;
			files = (
			);
			runOnlyForDeploymentPostprocessing = 0;
		};
/* End PBXFrameworksBuildPhase section */

/* Begin PBXGroup section */
		001D8FB31FEA71F8005FA3ED = {
			isa = PBXGroup;
			children = (
				001D8FBE1FEA71F8005FA3ED /* IBDesignableAndIBInspectable */,
				001D8FBD1FEA71F8005FA3ED /* Products */,
			);
			sourceTree = "<group>";
		};
		001D8FBD1FEA71F8005FA3ED /* Products */ = {
			isa = PBXGroup;
			children = (
				001D8FBC1FEA71F8005FA3ED /* IBDesignableAndIBInspectable.app */,
			);
			name = Products;
			sourceTree = "<group>";
		};
		001D8FBE1FEA71F8005FA3ED /* IBDesignableAndIBInspectable */ = {
			isa = PBXGroup;
			children = (
				001D8FBF1FEA71F8005FA3ED /* AppDelegate.swift */,
				001D8FC11FEA71F8005FA3ED /* ViewController.swift */,
				001D8FC31FEA71F8005FA3ED /* Main.storyboard */,
				001D8FD11FEA7339005FA3ED /* Rainbow.swift */,
				001D8FC61FEA71F8005FA3ED /* Assets.xcassets */,
				001D8FC81FEA71F8005FA3ED /* LaunchScreen.storyboard */,
				001D8FCB1FEA71F8005FA3ED /* Info.plist */,
			);
			path = IBDesignableAndIBInspectable;
			sourceTree = "<group>";
		};
/* End PBXGroup section */

/* Begin PBXNativeTarget section */
		001D8FBB1FEA71F8005FA3ED /* IBDesignableAndIBInspectable */ = {
			isa = PBXNativeTarget;
			buildConfigurationList = 001D8FCE1FEA71F8005FA3ED /* Build configuration list for PBXNativeTarget "IBDesignableAndIBInspectable" */;
			buildPhases = (
				001D8FB81FEA71F8005FA3ED /* Sources */,
				001D8FB91FEA71F8005FA3ED /* Frameworks */,
				001D8FBA1FEA71F8005FA3ED /* Resources */,
			);
			buildRules = (
			);
			dependencies = (
			);
			name = IBDesignableAndIBInspectable;
			productName = IBDesignableAndIBInspectable;
			productReference = 001D8FBC1FEA71F8005FA3ED /* IBDesignableAndIBInspectable.app */;
			productType = "com.apple.product-type.application";
		};
/* End PBXNativeTarget section */

/* Begin PBXProject section */
		001D8FB41FEA71F8005FA3ED /* Project object */ = {
			isa = PBXProject;
			attributes = {
				LastSwiftUpdateCheck = 0920;
				LastUpgradeCheck = 0920;
				ORGANIZATIONNAME = "タケル";
				TargetAttributes = {
					001D8FBB1FEA71F8005FA3ED = {
						CreatedOnToolsVersion = 9.2;
						ProvisioningStyle = Automatic;
					};
				};
			};
			buildConfigurationList = 001D8FB71FEA71F8005FA3ED /* Build configuration list for PBXProject "IBDesignableAndIBInspectable" */;
			compatibilityVersion = "Xcode 8.0";
			developmentRegion = en;
			hasScannedForEncodings = 0;
			knownRegions = (
				en,
				Base,
			);
			mainGroup = 001D8FB31FEA71F8005FA3ED;
			productRefGroup = 001D8FBD1FEA71F8005FA3ED /* Products */;
			projectDirPath = "";
			projectRoot = "";
			targets = (
				001D8FBB1FEA71F8005FA3ED /* IBDesignableAndIBInspectable */,
			);
		};
/* End PBXProject section */

/* Begin PBXResourcesBuildPhase section */
		001D8FBA1FEA71F8005FA3ED /* Resources */ = {
			isa = PBXResourcesBuildPhase;
			buildActionMask = 2147483647;
			files = (
				001D8FCA1FEA71F8005FA3ED /* LaunchScreen.storyboard in Resources */,
				001D8FC71FEA71F8005FA3ED /* Assets.xcassets in Resources */,
				001D8FC51FEA71F8005FA3ED /* Main.storyboard in Resources */,
			);
			runOnlyForDeploymentPostprocessing = 0;
		};
/* End PBXResourcesBuildPhase section */

/* Begin PBXSourcesBuildPhase section */
		001D8FB81FEA71F8005FA3ED /* Sources */ = {
			isa = PBXSourcesBuildPhase;
			buildActionMask = 2147483647;
			files = (
				001D8FD21FEA7339005FA3ED /* Rainbow.swift in Sources */,
				001D8FC21FEA71F8005FA3ED /* ViewController.swift in Sources */,
				001D8FC01FEA71F8005FA3ED /* AppDelegate.swift in Sources */,
			);
			runOnlyForDeploymentPostprocessing = 0;
		};
/* End PBXSourcesBuildPhase section */

/* Begin PBXVariantGroup section */
		001D8FC31FEA71F8005FA3ED /* Main.storyboard */ = {
			isa = PBXVariantGroup;
			children = (
				001D8FC41FEA71F8005FA3ED /* Base */,
			);
			name = Main.storyboard;
			sourceTree = "<group>";
		};
		001D8FC81FEA71F8005FA3ED /* LaunchScreen.storyboard */ = {
			isa = PBXVariantGroup;
			children = (
				001D8FC91FEA71F8005FA3ED /* Base */,
			);
			name = LaunchScreen.storyboard;
			sourceTree = "<group>";
		};
/* End PBXVariantGroup section */

/* Begin XCBuildConfiguration section */
		001D8FCC1FEA71F8005FA3ED /* Debug */ = {
			isa = XCBuildConfiguration;
			buildSettings = {
				ALWAYS_SEARCH_USER_PATHS = NO;
				CLANG_ANALYZER_NONNULL = YES;
				CLANG_ANALYZER_NUMBER_OBJECT_CONVERSION = YES_AGGRESSIVE;
				CLANG_CXX_LANGUAGE_STANDARD = "gnu++14";
				CLANG_CXX_LIBRARY = "libc++";
				CLANG_ENABLE_MODULES = YES;
				CLANG_ENABLE_OBJC_ARC = YES;
				CLANG_WARN_BLOCK_CAPTURE_AUTORELEASING = YES;
				CLANG_WARN_BOOL_CONVERSION = YES;
				CLANG_WARN_COMMA = YES;
				CLANG_WARN_CONSTANT_CONVERSION = YES;
				CLANG_WARN_DIRECT_OBJC_ISA_USAGE = YES_ERROR;
				CLANG_WARN_DOCUMENTATION_COMMENTS = YES;
				CLANG_WARN_EMPTY_BODY = YES;
				CLANG_WARN_ENUM_CONVERSION = YES;
				CLANG_WARN_INFINITE_RECURSION = YES;
				CLANG_WARN_INT_CONVERSION = YES;
				CLANG_WARN_NON_LITERAL_NULL_CONVERSION = YES;
				CLANG_WARN_OBJC_LITERAL_CONVERSION = YES;
				CLANG_WARN_OBJC_ROOT_CLASS = YES_ERROR;
				CLANG_WARN_RANGE_LOOP_ANALYSIS = YES;
				CLANG_WARN_STRICT_PROTOTYPES = YES;
				CLANG_WARN_SUSPICIOUS_MOVE = YES;
				CLANG_WARN_UNGUARDED_AVAILABILITY = YES_AGGRESSIVE;
				CLANG_WARN_UNREACHABLE_CODE = YES;
				CLANG_WARN__DUPLICATE_METHOD_MATCH = YES;
				CODE_SIGN_IDENTITY = "iPhone Developer";
				COPY_PHASE_STRIP = NO;
				DEBUG_INFORMATION_FORMAT = dwarf;
				ENABLE_STRICT_OBJC_MSGSEND = YES;
				ENABLE_TESTABILITY = YES;
				GCC_C_LANGUAGE_STANDARD = gnu11;
				GCC_DYNAMIC_NO_PIC = NO;
				GCC_NO_COMMON_BLOCKS = YES;
				GCC_OPTIMIZATION_LEVEL = 0;
				GCC_PREPROCESSOR_DEFINITIONS = (
					"DEBUG=1",
					"$(inherited)",
				);
				GCC_WARN_64_TO_32_BIT_CONVERSION = YES;
				GCC_WARN_ABOUT_RETURN_TYPE = YES_ERROR;
				GCC_WARN_UNDECLARED_SELECTOR = YES;
				GCC_WARN_UNINITIALIZED_AUTOS = YES_AGGRESSIVE;
				GCC_WARN_UNUSED_FUNCTION = YES;
				GCC_WARN_UNUSED_VARIABLE = YES;
				IPHONEOS_DEPLOYMENT_TARGET = 11.2;
				MTL_ENABLE_DEBUG_INFO = YES;
				ONLY_ACTIVE_ARCH = YES;
				SDKROOT = iphoneos;
				SWIFT_ACTIVE_COMPILATION_CONDITIONS = DEBUG;
				SWIFT_OPTIMIZATION_LEVEL = "-Onone";
			};
			name = Debug;
		};
		001D8FCD1FEA71F8005FA3ED /* Release */ = {
			isa = XCBuildConfiguration;
			buildSettings = {
				ALWAYS_SEARCH_USER_PATHS = NO;
				CLANG_ANALYZER_NONNULL = YES;
				CLANG_ANALYZER_NUMBER_OBJECT_CONVERSION = YES_AGGRESSIVE;
				CLANG_CXX_LANGUAGE_STANDARD = "gnu++14";
				CLANG_CXX_LIBRARY = "libc++";
				CLANG_ENABLE_MODULES = YES;
				CLANG_ENABLE_OBJC_ARC = YES;
				CLANG_WARN_BLOCK_CAPTURE_AUTORELEASING = YES;
				CLANG_WARN_BOOL_CONVERSION = YES;
				CLANG_WARN_COMMA = YES;
				CLANG_WARN_CONSTANT_CONVERSION = YES;
				CLANG_WARN_DIRECT_OBJC_ISA_USAGE = YES_ERROR;
				CLANG_WARN_DOCUMENTATION_COMMENTS = YES;
				CLANG_WARN_EMPTY_BODY = YES;
				CLANG_WARN_ENUM_CONVERSION = YES;
				CLANG_WARN_INFINITE_RECURSION = YES;
				CLANG_WARN_INT_CONVERSION = YES;
				CLANG_WARN_NON_LITERAL_NULL_CONVERSION = YES;
				CLANG_WARN_OBJC_LITERAL_CONVERSION = YES;
				CLANG_WARN_OBJC_ROOT_CLASS = YES_ERROR;
				CLANG_WARN_RANGE_LOOP_ANALYSIS = YES;
				CLANG_WARN_STRICT_PROTOTYPES = YES;
				CLANG_WARN_SUSPICIOUS_MOVE = YES;
				CLANG_WARN_UNGUARDED_AVAILABILITY = YES_AGGRESSIVE;
				CLANG_WARN_UNREACHABLE_CODE = YES;
				CLANG_WARN__DUPLICATE_METHOD_MATCH = YES;
				CODE_SIGN_IDENTITY = "iPhone Developer";
				COPY_PHASE_STRIP = NO;
				DEBUG_INFORMATION_FORMAT = "dwarf-with-dsym";
				ENABLE_NS_ASSERTIONS = NO;
				ENABLE_STRICT_OBJC_MSGSEND = YES;
				GCC_C_LANGUAGE_STANDARD = gnu11;
				GCC_NO_COMMON_BLOCKS = YES;
				GCC_WARN_64_TO_32_BIT_CONVERSION = YES;
				GCC_WARN_ABOUT_RETURN_TYPE = YES_ERROR;
				GCC_WARN_UNDECLARED_SELECTOR = YES;
				GCC_WARN_UNINITIALIZED_AUTOS = YES_AGGRESSIVE;
				GCC_WARN_UNUSED_FUNCTION = YES;
				GCC_WARN_UNUSED_VARIABLE = YES;
				IPHONEOS_DEPLOYMENT_TARGET = 11.2;
				MTL_ENABLE_DEBUG_INFO = NO;
				SDKROOT = iphoneos;
				SWIFT_OPTIMIZATION_LEVEL = "-Owholemodule";
				VALIDATE_PRODUCT = YES;
			};
			name = Release;
		};
		001D8FCF1FEA71F8005FA3ED /* Debug */ = {
			isa = XCBuildConfiguration;
			buildSettings = {
				ASSETCATALOG_COMPILER_APPICON_NAME = AppIcon;
				CODE_SIGN_STYLE = Automatic;
				INFOPLIST_FILE = IBDesignableAndIBInspectable/Info.plist;
				LD_RUNPATH_SEARCH_PATHS = "$(inherited) @executable_path/Frameworks";
				PRODUCT_BUNDLE_IDENTIFIER = "---.---.IBDesignableAndIBInspectable";
				PRODUCT_NAME = "$(TARGET_NAME)";
				SWIFT_VERSION = 4.0;
				TARGETED_DEVICE_FAMILY = "1,2";
			};
			name = Debug;
		};
		001D8FD01FEA71F8005FA3ED /* Release */ = {
			isa = XCBuildConfiguration;
			buildSettings = {
				ASSETCATALOG_COMPILER_APPICON_NAME = AppIcon;
				CODE_SIGN_STYLE = Automatic;
				INFOPLIST_FILE = IBDesignableAndIBInspectable/Info.plist;
				LD_RUNPATH_SEARCH_PATHS = "$(inherited) @executable_path/Frameworks";
				PRODUCT_BUNDLE_IDENTIFIER = "---.---.IBDesignableAndIBInspectable";
				PRODUCT_NAME = "$(TARGET_NAME)";
				SWIFT_VERSION = 4.0;
				TARGETED_DEVICE_FAMILY = "1,2";
			};
			name = Release;
		};
/* End XCBuildConfiguration section */

/* Begin XCConfigurationList section */
		001D8FB71FEA71F8005FA3ED /* Build configuration list for PBXProject "IBDesignableAndIBInspectable" */ = {
			isa = XCConfigurationList;
			buildConfigurations = (
				001D8FCC1FEA71F8005FA3ED /* Debug */,
				001D8FCD1FEA71F8005FA3ED /* Release */,
			);
			defaultConfigurationIsVisible = 0;
			defaultConfigurationName = Release;
		};
		001D8FCE1FEA71F8005FA3ED /* Build configuration list for PBXNativeTarget "IBDesignableAndIBInspectable" */ = {
			isa = XCConfigurationList;
			buildConfigurations = (
				001D8FCF1FEA71F8005FA3ED /* Debug */,
				001D8FD01FEA71F8005FA3ED /* Release */,
			);
			defaultConfigurationIsVisible = 0;
			defaultConfigurationName = Release;
		};
/* End XCConfigurationList section */
	};
	rootObject = 001D8FB41FEA71F8005FA3ED /* Project object */;
}
